
Microsoft Visual Studio Solution File, Format Version 12.00
# Visual Studio 15
VisualStudioVersion = 15.0.27428.2015
MinimumVisualStudioVersion = 10.0.40219.1
Project("{FAE04EC0-301F-11D3-BF4B-00C04F79EFBC}") = "РеестрКонтроля КЗ", "РеестрКонтроля КЗ\РеестрКонтроля КЗ.csproj", "{63B2B206-6782-4399-A936-E54E8FAC12D2}"
EndProject
Project("{FAE04EC0-301F-11D3-BF4B-00C04F79EFBC}") = "ModuleConnect", "..\ModuleConnect\ModuleConnect\ModuleConnect.csproj", "{4EBE00AF-A353-472F-AD13-BDECCCEE2CE6}"
EndProject
Global
	GlobalSection(SolutionConfigurationPlatforms) = preSolution
		Debug|Any CPU = Debug|Any CPU
		Release|Any CPU = Release|Any CPU
	EndGlobalSection
	GlobalSection(ProjectConfigurationPlatforms) = postSolution
		{63B2B206-6782-4399-A936-E54E8FAC12D2}.Debug|Any CPU.ActiveCfg = Debug|Any CPU
		{63B2B206-6782-4399-A936-E54E8FAC12D2}.Debug|Any CPU.Build.0 = Debug|Any CPU
		{63B2B206-6782-4399-A936-E54E8FAC12D2}.Release|Any CPU.ActiveCfg = Release|Any CPU
		{63B2B206-6782-4399-A936-E54E8FAC12D2}.Release|Any CPU.Build.0 = Release|Any CPU
		{4EBE00AF-A353-472F-AD13-BDECCCEE2CE6}.Debug|Any CPU.ActiveCfg = Debug|Any CPU
		{4EBE00AF-A353-472F-AD13-BDECCCEE2CE6}.Debug|Any CPU.Build.0 = Debug|Any CPU
		{4EBE00AF-A353-472F-AD13-BDECCCEE2CE6}.Release|Any CPU.ActiveCfg = Release|Any CPU
		{4EBE00AF-A353-472F-AD13-BDECCCEE2CE6}.Release|Any CPU.Build.0 = Release|Any CPU
	EndGlobalSection
	GlobalSection(SolutionProperties) = preSolution
		HideSolutionNode = FALSE
	EndGlobalSection
	GlobalSection(ExtensibilityGlobals) = postSolution
		SolutionGuid = {65B3CEDA-5420-4048-ACF5-34234AFD7816}
	EndGlobalSection
EndGlobal
